
Microsoft Visual Studio Solution File, Format Version 12.00
# Visual Studio Version 17
VisualStudioVersion = 17.10.34928.147
MinimumVisualStudioVersion = 10.0.40219.1
Project("{FAE04EC0-301F-11D3-BF4B-00C04F79EFBC}") = "InvDevBank-Backend", "InvDevBank-Backend\InvDevBank-Backend.csproj", "{2D6FB026-D5C8-4738-B0BE-6B6C3EE2E659}"
EndProject
Project("{2150E333-8FDC-42A3-9474-1A3956D46DE8}") = "InvDevBank-Frontend", "InvDevBank-Frontend", "{61A7987C-166A-437A-AEBB-33742F53A2ED}"
EndProject
Project("{FAE04EC0-301F-11D3-BF4B-00C04F79EFBC}") = "InvDevBank-Frontend", "InvDevBank-Frontend\InvDevBank-Frontend.csproj", "{52D973DD-36E9-4A90-B097-EA7F5243ADEF}"
EndProject
Global
	GlobalSection(SolutionConfigurationPlatforms) = preSolution
		Debug|Any CPU = Debug|Any CPU
		Release|Any CPU = Release|Any CPU
	EndGlobalSection
	GlobalSection(ProjectConfigurationPlatforms) = postSolution
		{2D6FB026-D5C8-4738-B0BE-6B6C3EE2E659}.Debug|Any CPU.ActiveCfg = Debug|Any CPU
		{2D6FB026-D5C8-4738-B0BE-6B6C3EE2E659}.Debug|Any CPU.Build.0 = Debug|Any CPU
		{2D6FB026-D5C8-4738-B0BE-6B6C3EE2E659}.Release|Any CPU.ActiveCfg = Release|Any CPU
		{2D6FB026-D5C8-4738-B0BE-6B6C3EE2E659}.Release|Any CPU.Build.0 = Release|Any CPU
		{52D973DD-36E9-4A90-B097-EA7F5243ADEF}.Debug|Any CPU.ActiveCfg = Debug|Any CPU
		{52D973DD-36E9-4A90-B097-EA7F5243ADEF}.Debug|Any CPU.Build.0 = Debug|Any CPU
		{52D973DD-36E9-4A90-B097-EA7F5243ADEF}.Debug|Any CPU.Deploy.0 = Debug|Any CPU
		{52D973DD-36E9-4A90-B097-EA7F5243ADEF}.Release|Any CPU.ActiveCfg = Release|Any CPU
		{52D973DD-36E9-4A90-B097-EA7F5243ADEF}.Release|Any CPU.Build.0 = Release|Any CPU
		{52D973DD-36E9-4A90-B097-EA7F5243ADEF}.Release|Any CPU.Deploy.0 = Release|Any CPU
	EndGlobalSection
	GlobalSection(SolutionProperties) = preSolution
		HideSolutionNode = FALSE
	EndGlobalSection
	GlobalSection(NestedProjects) = preSolution
		{52D973DD-36E9-4A90-B097-EA7F5243ADEF} = {61A7987C-166A-437A-AEBB-33742F53A2ED}
	EndGlobalSection
	GlobalSection(ExtensibilityGlobals) = postSolution
		SolutionGuid = {9E95D985-B73A-47B8-92B9-2B5FD67AEBE6}
	EndGlobalSection
EndGlobal
